
Microsoft Visual Studio Solution File, Format Version 12.00
# Visual Studio Version 16
VisualStudioVersion = 16.0.31019.35
MinimumVisualStudioVersion = 10.0.40219.1
Project("{9A19103F-16F7-4668-BE54-9A1E7A4F7556}") = "HemisOTM", "HemisOTM\HemisOTM.csproj", "{C47035D7-58E7-4C40-AD84-BA0F318974E3}"
EndProject
Project("{FAE04EC0-301F-11D3-BF4B-00C04F79EFBC}") = "DataModelEntity", "DataModelEntity\DataModelEntity.csproj", "{EB74C43B-E499-4EA5-975A-3F83D9FFE727}"
EndProject
Global
	GlobalSection(SolutionConfigurationPlatforms) = preSolution
		Debug|Any CPU = Debug|Any CPU
		Release|Any CPU = Release|Any CPU
	EndGlobalSection
	GlobalSection(ProjectConfigurationPlatforms) = postSolution
		{C47035D7-58E7-4C40-AD84-BA0F318974E3}.Debug|Any CPU.ActiveCfg = Debug|Any CPU
		{C47035D7-58E7-4C40-AD84-BA0F318974E3}.Debug|Any CPU.Build.0 = Debug|Any CPU
		{C47035D7-58E7-4C40-AD84-BA0F318974E3}.Release|Any CPU.ActiveCfg = Release|Any CPU
		{C47035D7-58E7-4C40-AD84-BA0F318974E3}.Release|Any CPU.Build.0 = Release|Any CPU
		{EB74C43B-E499-4EA5-975A-3F83D9FFE727}.Debug|Any CPU.ActiveCfg = Debug|Any CPU
		{EB74C43B-E499-4EA5-975A-3F83D9FFE727}.Debug|Any CPU.Build.0 = Debug|Any CPU
		{EB74C43B-E499-4EA5-975A-3F83D9FFE727}.Release|Any CPU.ActiveCfg = Release|Any CPU
		{EB74C43B-E499-4EA5-975A-3F83D9FFE727}.Release|Any CPU.Build.0 = Release|Any CPU
	EndGlobalSection
	GlobalSection(SolutionProperties) = preSolution
		HideSolutionNode = FALSE
	EndGlobalSection
	GlobalSection(ExtensibilityGlobals) = postSolution
		SolutionGuid = {E42C828A-D6FD-4C56-B805-3EBE3470FDEC}
	EndGlobalSection
EndGlobal
